
Microsoft Visual Studio Solution File, Format Version 12.00
# Visual Studio Version 17
VisualStudioVersion = 17.3.32811.315
MinimumVisualStudioVersion = 10.0.40219.1
Project("{FAE04EC0-301F-11D3-BF4B-00C04F79EFBC}") = "mchildr3-webapi-articlejet", "mchildr3-webapi-articlejet\mchildr3-webapi-articlejet.csproj", "{22F906E0-B2CE-44C5-84BE-6FCC23453839}"
EndProject
Global
	GlobalSection(SolutionConfigurationPlatforms) = preSolution
		Debug|Any CPU = Debug|Any CPU
		Release|Any CPU = Release|Any CPU
	EndGlobalSection
	GlobalSection(ProjectConfigurationPlatforms) = postSolution
		{22F906E0-B2CE-44C5-84BE-6FCC23453839}.Debug|Any CPU.ActiveCfg = Debug|Any CPU
		{22F906E0-B2CE-44C5-84BE-6FCC23453839}.Debug|Any CPU.Build.0 = Debug|Any CPU
		{22F906E0-B2CE-44C5-84BE-6FCC23453839}.Release|Any CPU.ActiveCfg = Release|Any CPU
		{22F906E0-B2CE-44C5-84BE-6FCC23453839}.Release|Any CPU.Build.0 = Release|Any CPU
	EndGlobalSection
	GlobalSection(SolutionProperties) = preSolution
		HideSolutionNode = FALSE
	EndGlobalSection
	GlobalSection(ExtensibilityGlobals) = postSolution
		SolutionGuid = {568D5EF6-9CF3-4D29-81CA-129A6225FD74}
	EndGlobalSection
EndGlobal
